<?xml version="1.0" encoding="utf-8"?>
<Project ToolsVersion="4.0" xmlns="http://schemas.microsoft.com/developer/msbuild/2003">
  <ItemGroup>
    <Filter Include="Source Files">
      <UniqueIdentifier>{4FC737F1-C7A5-4376-A066-2A32D752A2FF}</UniqueIdentifier>
      <Extensions>cpp;c;cc;cxx;c++;cppm;ixx;def;odl;idl;hpj;bat;asm;asmx</Extensions>
    </Filter>
    <Filter Include="Header Files">
      <UniqueIdentifier>{93995380-89BD-4b04-88EB-625FBE52EBFB}</UniqueIdentifier>
      <Extensions>h;hh;hpp;hxx;h++;hm;inl;inc;ipp;xsd</Extensions>
    </Filter>
    <Filter Include="Resource Files">
      <UniqueIdentifier>{67DA6AB6-F800-4c08-8B7A-83BB121AAD01}</UniqueIdentifier>
      <Extensions>rc;ico;cur;bmp;dlg;rc2;rct;bin;rgs;gif;jpg;jpeg;jpe;resx;tiff;tif;png;wav;mfcribbon-ms</Extensions>
    </Filter>
  </ItemGroup>
  <ItemGroup>
    <ClInclude Include="DateTime.h">
      <Filter>Header Files</Filter>
    </ClInclude>
    <ClInclude Include="FullName.h">
      <Filter>Header Files</Filter>
    </ClInclude>
    <ClInclude Include="FullNameMock.h">
      <Filter>Header Files</Filter>
    </ClInclude>
    <ClInclude Include="Header.h">
      <Filter>Header Files</Filter>
    </ClInclude>
    <ClInclude Include="Laptop.h">
      <Filter>Header Files</Filter>
    </ClInclude>
    <ClInclude Include="LaptopMock.h">
      <Filter>Header Files</Filter>
    </ClInclude>
    <ClInclude Include="Order.h">
      <Filter>Header Files</Filter>
    </ClInclude>
    <ClInclude Include="OrderMock.h">
      <Filter>Header Files</Filter>
    </ClInclude>
    <ClInclude Include="Random.h">
      <Filter>Header Files</Filter>
    </ClInclude>
    <ClInclude Include="Catalog.h">
      <Filter>Header Files</Filter>
    </ClInclude>
    <ClInclude Include="ClasslessFunctions.h">
      <Filter>Header Files</Filter>
    </ClInclude>
    <ClInclude Include="Point.h">
      <Filter>Header Files</Filter>
    </ClInclude>
    <ClInclude Include="Rectangle.h">
      <Filter>Header Files</Filter>
    </ClInclude>
    <ClInclude Include="UI.h">
      <Filter>Header Files</Filter>
    </ClInclude>
    <ClInclude Include="DrawCatalog.h">
      <Filter>Header Files</Filter>
    </ClInclude>
    <ClInclude Include="DrawOrder.h">
      <Filter>Header Files</Filter>
    </ClInclude>
    <ClInclude Include="OrderFactory.h">
      <Filter>Header Files</Filter>
    </ClInclude>
    <ClInclude Include="Tokenizer.h">
      <Filter>Header Files</Filter>
    </ClInclude>
    <ClInclude Include="Stats.h">
      <Filter>Header Files</Filter>
    </ClInclude>
    <ClInclude Include="DrawStats.h">
      <Filter>Header Files</Filter>
    </ClInclude>
    <ClInclude Include="Draw.h">
      <Filter>Header Files</Filter>
    </ClInclude>
  </ItemGroup>
  <ItemGroup>
    <ClCompile Include="main.cpp">
      <Filter>Source Files</Filter>
    </ClCompile>
    <ClCompile Include="ClasslessFunctions.cpp">
      <Filter>Source Files</Filter>
    </ClCompile>
    <ClCompile Include="Catalog.cpp">
      <Filter>Source Files</Filter>
    </ClCompile>
    <ClCompile Include="UI.cpp">
      <Filter>Source Files</Filter>
    </ClCompile>
    <ClCompile Include="DrawCatalog.cpp">
      <Filter>Source Files</Filter>
    </ClCompile>
    <ClCompile Include="DrawOrder.cpp">
      <Filter>Source Files</Filter>
    </ClCompile>
    <ClCompile Include="DrawStats.cpp">
      <Filter>Source Files</Filter>
    </ClCompile>
    <ClCompile Include="Draw.cpp">
      <Filter>Source Files</Filter>
    </ClCompile>
  </ItemGroup>
  <ItemGroup>
    <Text Include="cpu.txt">
      <Filter>Resource Files</Filter>
    </Text>
    <Text Include="vga.txt">
      <Filter>Resource Files</Filter>
    </Text>
    <Text Include="hardDisk.txt">
      <Filter>Resource Files</Filter>
    </Text>
    <Text Include="hangLaptop.txt">
      <Filter>Resource Files</Filter>
    </Text>
    <Text Include="DonHang.txt">
      <Filter>Resource Files</Filter>
    </Text>
    <Text Include="ho.txt">
      <Filter>Resource Files</Filter>
    </Text>
    <Text Include="tenDemNam.txt">
      <Filter>Resource Files</Filter>
    </Text>
    <Text Include="tenNam.txt">
      <Filter>Resource Files</Filter>
    </Text>
    <Text Include="tenDemNu.txt">
      <Filter>Resource Files</Filter>
    </Text>
    <Text Include="tenNu.txt">
      <Filter>Resource Files</Filter>
    </Text>
  </ItemGroup>
</Project>